
Microsoft Visual Studio Solution File, Format Version 12.00
# Visual Studio 15
VisualStudioVersion = 15.0.28307.421
MinimumVisualStudioVersion = 10.0.40219.1
Project("{FAE04EC0-301F-11D3-BF4B-00C04F79EFBC}") = "sql-formatter", "sql-formatter\sql-formatter.csproj", "{14475C83-6BB2-45DD-9FFF-CB003B722954}"
EndProject
Project("{FAE04EC0-301F-11D3-BF4B-00C04F79EFBC}") = "SqlKeywordFormatter.Util", "SqlKeywordFormatter.Util\SqlKeywordFormatter.Util.csproj", "{A809BCB3-A0B9-4AA4-892E-BC8C6779673B}"
EndProject
Project("{FAE04EC0-301F-11D3-BF4B-00C04F79EFBC}") = "SqlKeywordFormatter.Tests", "SqlKeywordFormatter.Tests\SqlKeywordFormatter.Tests.csproj", "{AA1C4B7C-E96B-42BC-B52C-903AC22B0756}"
EndProject
Global
	GlobalSection(SolutionConfigurationPlatforms) = preSolution
		Debug|Any CPU = Debug|Any CPU
		Debug|ARM = Debug|ARM
		Debug|ARM64 = Debug|ARM64
		Debug|x64 = Debug|x64
		Debug|x86 = Debug|x86
		Release|Any CPU = Release|Any CPU
		Release|ARM = Release|ARM
		Release|ARM64 = Release|ARM64
		Release|x64 = Release|x64
		Release|x86 = Release|x86
	EndGlobalSection
	GlobalSection(ProjectConfigurationPlatforms) = postSolution
		{14475C83-6BB2-45DD-9FFF-CB003B722954}.Debug|Any CPU.ActiveCfg = Debug|x86
		{14475C83-6BB2-45DD-9FFF-CB003B722954}.Debug|ARM.ActiveCfg = Debug|ARM
		{14475C83-6BB2-45DD-9FFF-CB003B722954}.Debug|ARM.Build.0 = Debug|ARM
		{14475C83-6BB2-45DD-9FFF-CB003B722954}.Debug|ARM.Deploy.0 = Debug|ARM
		{14475C83-6BB2-45DD-9FFF-CB003B722954}.Debug|ARM64.ActiveCfg = Debug|ARM64
		{14475C83-6BB2-45DD-9FFF-CB003B722954}.Debug|ARM64.Build.0 = Debug|ARM64
		{14475C83-6BB2-45DD-9FFF-CB003B722954}.Debug|ARM64.Deploy.0 = Debug|ARM64
		{14475C83-6BB2-45DD-9FFF-CB003B722954}.Debug|x64.ActiveCfg = Debug|x64
		{14475C83-6BB2-45DD-9FFF-CB003B722954}.Debug|x64.Build.0 = Debug|x64
		{14475C83-6BB2-45DD-9FFF-CB003B722954}.Debug|x64.Deploy.0 = Debug|x64
		{14475C83-6BB2-45DD-9FFF-CB003B722954}.Debug|x86.ActiveCfg = Debug|x86
		{14475C83-6BB2-45DD-9FFF-CB003B722954}.Debug|x86.Build.0 = Debug|x86
		{14475C83-6BB2-45DD-9FFF-CB003B722954}.Debug|x86.Deploy.0 = Debug|x86
		{14475C83-6BB2-45DD-9FFF-CB003B722954}.Release|Any CPU.ActiveCfg = Release|x86
		{14475C83-6BB2-45DD-9FFF-CB003B722954}.Release|ARM.ActiveCfg = Release|ARM
		{14475C83-6BB2-45DD-9FFF-CB003B722954}.Release|ARM.Build.0 = Release|ARM
		{14475C83-6BB2-45DD-9FFF-CB003B722954}.Release|ARM.Deploy.0 = Release|ARM
		{14475C83-6BB2-45DD-9FFF-CB003B722954}.Release|ARM64.ActiveCfg = Release|ARM64
		{14475C83-6BB2-45DD-9FFF-CB003B722954}.Release|ARM64.Build.0 = Release|ARM64
		{14475C83-6BB2-45DD-9FFF-CB003B722954}.Release|ARM64.Deploy.0 = Release|ARM64
		{14475C83-6BB2-45DD-9FFF-CB003B722954}.Release|x64.ActiveCfg = Release|x64
		{14475C83-6BB2-45DD-9FFF-CB003B722954}.Release|x64.Build.0 = Release|x64
		{14475C83-6BB2-45DD-9FFF-CB003B722954}.Release|x64.Deploy.0 = Release|x64
		{14475C83-6BB2-45DD-9FFF-CB003B722954}.Release|x86.ActiveCfg = Release|x86
		{14475C83-6BB2-45DD-9FFF-CB003B722954}.Release|x86.Build.0 = Release|x86
		{14475C83-6BB2-45DD-9FFF-CB003B722954}.Release|x86.Deploy.0 = Release|x86
		{A809BCB3-A0B9-4AA4-892E-BC8C6779673B}.Debug|Any CPU.ActiveCfg = Debug|Any CPU
		{A809BCB3-A0B9-4AA4-892E-BC8C6779673B}.Debug|Any CPU.Build.0 = Debug|Any CPU
		{A809BCB3-A0B9-4AA4-892E-BC8C6779673B}.Debug|ARM.ActiveCfg = Debug|ARM
		{A809BCB3-A0B9-4AA4-892E-BC8C6779673B}.Debug|ARM.Build.0 = Debug|ARM
		{A809BCB3-A0B9-4AA4-892E-BC8C6779673B}.Debug|ARM64.ActiveCfg = Debug|ARM64
		{A809BCB3-A0B9-4AA4-892E-BC8C6779673B}.Debug|ARM64.Build.0 = Debug|ARM64
		{A809BCB3-A0B9-4AA4-892E-BC8C6779673B}.Debug|x64.ActiveCfg = Debug|x64
		{A809BCB3-A0B9-4AA4-892E-BC8C6779673B}.Debug|x64.Build.0 = Debug|x64
		{A809BCB3-A0B9-4AA4-892E-BC8C6779673B}.Debug|x86.ActiveCfg = Debug|x86
		{A809BCB3-A0B9-4AA4-892E-BC8C6779673B}.Debug|x86.Build.0 = Debug|x86
		{A809BCB3-A0B9-4AA4-892E-BC8C6779673B}.Release|Any CPU.ActiveCfg = Release|Any CPU
		{A809BCB3-A0B9-4AA4-892E-BC8C6779673B}.Release|Any CPU.Build.0 = Release|Any CPU
		{A809BCB3-A0B9-4AA4-892E-BC8C6779673B}.Release|ARM.ActiveCfg = Release|ARM
		{A809BCB3-A0B9-4AA4-892E-BC8C6779673B}.Release|ARM.Build.0 = Release|ARM
		{A809BCB3-A0B9-4AA4-892E-BC8C6779673B}.Release|ARM64.ActiveCfg = Release|ARM64
		{A809BCB3-A0B9-4AA4-892E-BC8C6779673B}.Release|ARM64.Build.0 = Release|ARM64
		{A809BCB3-A0B9-4AA4-892E-BC8C6779673B}.Release|x64.ActiveCfg = Release|x64
		{A809BCB3-A0B9-4AA4-892E-BC8C6779673B}.Release|x64.Build.0 = Release|x64
		{A809BCB3-A0B9-4AA4-892E-BC8C6779673B}.Release|x86.ActiveCfg = Release|x86
		{A809BCB3-A0B9-4AA4-892E-BC8C6779673B}.Release|x86.Build.0 = Release|x86
		{AA1C4B7C-E96B-42BC-B52C-903AC22B0756}.Debug|Any CPU.ActiveCfg = Debug|x86
		{AA1C4B7C-E96B-42BC-B52C-903AC22B0756}.Debug|ARM.ActiveCfg = Debug|ARM
		{AA1C4B7C-E96B-42BC-B52C-903AC22B0756}.Debug|ARM.Build.0 = Debug|ARM
		{AA1C4B7C-E96B-42BC-B52C-903AC22B0756}.Debug|ARM.Deploy.0 = Debug|ARM
		{AA1C4B7C-E96B-42BC-B52C-903AC22B0756}.Debug|ARM64.ActiveCfg = Debug|ARM64
		{AA1C4B7C-E96B-42BC-B52C-903AC22B0756}.Debug|ARM64.Build.0 = Debug|ARM64
		{AA1C4B7C-E96B-42BC-B52C-903AC22B0756}.Debug|ARM64.Deploy.0 = Debug|ARM64
		{AA1C4B7C-E96B-42BC-B52C-903AC22B0756}.Debug|x64.ActiveCfg = Debug|x64
		{AA1C4B7C-E96B-42BC-B52C-903AC22B0756}.Debug|x64.Build.0 = Debug|x64
		{AA1C4B7C-E96B-42BC-B52C-903AC22B0756}.Debug|x64.Deploy.0 = Debug|x64
		{AA1C4B7C-E96B-42BC-B52C-903AC22B0756}.Debug|x86.ActiveCfg = Debug|x86
		{AA1C4B7C-E96B-42BC-B52C-903AC22B0756}.Debug|x86.Build.0 = Debug|x86
		{AA1C4B7C-E96B-42BC-B52C-903AC22B0756}.Debug|x86.Deploy.0 = Debug|x86
		{AA1C4B7C-E96B-42BC-B52C-903AC22B0756}.Release|Any CPU.ActiveCfg = Release|x86
		{AA1C4B7C-E96B-42BC-B52C-903AC22B0756}.Release|ARM.ActiveCfg = Release|ARM
		{AA1C4B7C-E96B-42BC-B52C-903AC22B0756}.Release|ARM.Build.0 = Release|ARM
		{AA1C4B7C-E96B-42BC-B52C-903AC22B0756}.Release|ARM.Deploy.0 = Release|ARM
		{AA1C4B7C-E96B-42BC-B52C-903AC22B0756}.Release|ARM64.ActiveCfg = Release|ARM64
		{AA1C4B7C-E96B-42BC-B52C-903AC22B0756}.Release|ARM64.Build.0 = Release|ARM64
		{AA1C4B7C-E96B-42BC-B52C-903AC22B0756}.Release|ARM64.Deploy.0 = Release|ARM64
		{AA1C4B7C-E96B-42BC-B52C-903AC22B0756}.Release|x64.ActiveCfg = Release|x64
		{AA1C4B7C-E96B-42BC-B52C-903AC22B0756}.Release|x64.Build.0 = Release|x64
		{AA1C4B7C-E96B-42BC-B52C-903AC22B0756}.Release|x64.Deploy.0 = Release|x64
		{AA1C4B7C-E96B-42BC-B52C-903AC22B0756}.Release|x86.ActiveCfg = Release|x86
		{AA1C4B7C-E96B-42BC-B52C-903AC22B0756}.Release|x86.Build.0 = Release|x86
		{AA1C4B7C-E96B-42BC-B52C-903AC22B0756}.Release|x86.Deploy.0 = Release|x86
	EndGlobalSection
	GlobalSection(SolutionProperties) = preSolution
		HideSolutionNode = FALSE
	EndGlobalSection
	GlobalSection(ExtensibilityGlobals) = postSolution
		SolutionGuid = {955733AD-23CC-4BF3-BC0D-C024629B41D4}
	EndGlobalSection
EndGlobal
